
Microsoft Visual Studio Solution File, Format Version 12.00
# Visual Studio Version 16
VisualStudioVersion = 25.0.1705.3
MinimumVisualStudioVersion = 10.0.40219.1
Project("{FAE04EC0-301F-11D3-BF4B-00C04F79EFBC}") = "WebApiAutores", "WebApiAutores\WebApiAutores.csproj", "{DA861AE0-0D14-4086-B3F7-A04A28050B26}"
EndProject
Global
	GlobalSection(SolutionConfigurationPlatforms) = preSolution
		Debug|Any CPU = Debug|Any CPU
		Release|Any CPU = Release|Any CPU
	EndGlobalSection
	GlobalSection(ProjectConfigurationPlatforms) = postSolution
		{DA861AE0-0D14-4086-B3F7-A04A28050B26}.Debug|Any CPU.ActiveCfg = Debug|Any CPU
		{DA861AE0-0D14-4086-B3F7-A04A28050B26}.Debug|Any CPU.Build.0 = Debug|Any CPU
		{DA861AE0-0D14-4086-B3F7-A04A28050B26}.Release|Any CPU.ActiveCfg = Release|Any CPU
		{DA861AE0-0D14-4086-B3F7-A04A28050B26}.Release|Any CPU.Build.0 = Release|Any CPU
	EndGlobalSection
	GlobalSection(SolutionProperties) = preSolution
		HideSolutionNode = FALSE
	EndGlobalSection
	GlobalSection(ExtensibilityGlobals) = postSolution
		SolutionGuid = {5B54E99C-AB77-44C7-BFC3-8049F86D0D16}
	EndGlobalSection
EndGlobal
